
Microsoft Visual Studio Solution File, Format Version 12.00
# Visual Studio Version 16
VisualStudioVersion = 16.0.31019.35
MinimumVisualStudioVersion = 10.0.40219.1
Project("{9A19103F-16F7-4668-BE54-9A1E7A4F7556}") = "Desafio_Boticario", "Desafio_Boticario\Desafio_Boticario.csproj", "{29C3ECA6-96FA-4486-88EE-76B949CFE691}"
EndProject
Project("{FAE04EC0-301F-11D3-BF4B-00C04F79EFBC}") = "TesteAPI", "TesteAPI\TesteAPI.csproj", "{356798D2-88E1-41F0-80CC-0E5A0B02E430}"
EndProject
Global
	GlobalSection(SolutionConfigurationPlatforms) = preSolution
		Debug|Any CPU = Debug|Any CPU
		Release|Any CPU = Release|Any CPU
	EndGlobalSection
	GlobalSection(ProjectConfigurationPlatforms) = postSolution
		{29C3ECA6-96FA-4486-88EE-76B949CFE691}.Debug|Any CPU.ActiveCfg = Debug|Any CPU
		{29C3ECA6-96FA-4486-88EE-76B949CFE691}.Debug|Any CPU.Build.0 = Debug|Any CPU
		{29C3ECA6-96FA-4486-88EE-76B949CFE691}.Release|Any CPU.ActiveCfg = Release|Any CPU
		{29C3ECA6-96FA-4486-88EE-76B949CFE691}.Release|Any CPU.Build.0 = Release|Any CPU
		{356798D2-88E1-41F0-80CC-0E5A0B02E430}.Debug|Any CPU.ActiveCfg = Debug|Any CPU
		{356798D2-88E1-41F0-80CC-0E5A0B02E430}.Debug|Any CPU.Build.0 = Debug|Any CPU
		{356798D2-88E1-41F0-80CC-0E5A0B02E430}.Release|Any CPU.ActiveCfg = Release|Any CPU
		{356798D2-88E1-41F0-80CC-0E5A0B02E430}.Release|Any CPU.Build.0 = Release|Any CPU
	EndGlobalSection
	GlobalSection(SolutionProperties) = preSolution
		HideSolutionNode = FALSE
	EndGlobalSection
	GlobalSection(ExtensibilityGlobals) = postSolution
		SolutionGuid = {789EA8CF-A2AC-49CC-BFC3-52FC32285375}
	EndGlobalSection
EndGlobal
